// !$*UTF8*$!
{
	archiveVersion = 1;
	classes = {
	};
	objectVersion = 46;
	objects = {

/* Begin PBXBuildFile section */
		611C8B641EEF884600679D75 /* AppDelegate.swift in Sources */ = {isa = PBXBuildFile; fileRef = 611C8B631EEF884600679D75 /* AppDelegate.swift */; };
		611C8B661EEF884600679D75 /* ViewController.swift in Sources */ = {isa = PBXBuildFile; fileRef = 611C8B651EEF884600679D75 /* ViewController.swift */; };
		611C8B691EEF884600679D75 /* Main.storyboard in Resources */ = {isa = PBXBuildFile; fileRef = 611C8B671EEF884600679D75 /* Main.storyboard */; };
		611C8B6B1EEF884600679D75 /* Assets.xcassets in Resources */ = {isa = PBXBuildFile; fileRef = 611C8B6A1EEF884600679D75 /* Assets.xcassets */; };
		611C8B6E1EEF884600679D75 /* LaunchScreen.storyboard in Resources */ = {isa = PBXBuildFile; fileRef = 611C8B6C1EEF884600679D75 /* LaunchScreen.storyboard */; };
		612999E11EF512720026180D /* WebViewController.swift in Sources */ = {isa = PBXBuildFile; fileRef = 612999E01EF512720026180D /* WebViewController.swift */; };
		616376DB1EF043CB00A22670 /* AVFoundation.framework in Frameworks */ = {isa = PBXBuildFile; fileRef = 616376DA1EF043CB00A22670 /* AVFoundation.framework */; };
		616376DD1EF043E800A22670 /* CoreMedia.framework in Frameworks */ = {isa = PBXBuildFile; fileRef = 616376DC1EF043E800A22670 /* CoreMedia.framework */; };
		616376DF1EF043FA00A22670 /* CoreTelephony.framework in Frameworks */ = {isa = PBXBuildFile; fileRef = 616376DE1EF043FA00A22670 /* CoreTelephony.framework */; };
		616376E11EF0440A00A22670 /* MobileCoreServices.framework in Frameworks */ = {isa = PBXBuildFile; fileRef = 616376E01EF0440A00A22670 /* MobileCoreServices.framework */; };
		616376E31EF0441B00A22670 /* Security.framework in Frameworks */ = {isa = PBXBuildFile; fileRef = 616376E21EF0441B00A22670 /* Security.framework */; };
		616376E51EF0442C00A22670 /* SystemConfiguration.framework in Frameworks */ = {isa = PBXBuildFile; fileRef = 616376E41EF0442C00A22670 /* SystemConfiguration.framework */; };
		616376F01EF0C74A00A22670 /* Repro.framework in Frameworks */ = {isa = PBXBuildFile; fileRef = 616376ED1EF0C74A00A22670 /* Repro.framework */; };
		616376F11EF0C74A00A22670 /* ReproSDKResources.bundle in Resources */ = {isa = PBXBuildFile; fileRef = 616376EF1EF0C74A00A22670 /* ReproSDKResources.bundle */; };
/* End PBXBuildFile section */

/* Begin PBXFileReference section */
		611C8B601EEF884600679D75 /* Mytraial.app */ = {isa = PBXFileReference; explicitFileType = wrapper.application; includeInIndex = 0; path = Mytraial.app; sourceTree = BUILT_PRODUCTS_DIR; };
		611C8B631EEF884600679D75 /* AppDelegate.swift */ = {isa = PBXFileReference; lastKnownFileType = sourcecode.swift; path = AppDelegate.swift; sourceTree = "<group>"; };
		611C8B651EEF884600679D75 /* ViewController.swift */ = {isa = PBXFileReference; lastKnownFileType = sourcecode.swift; path = ViewController.swift; sourceTree = "<group>"; };
		611C8B681EEF884600679D75 /* Base */ = {isa = PBXFileReference; lastKnownFileType = file.storyboard; name = Base; path = Base.lproj/Main.storyboard; sourceTree = "<group>"; };
		611C8B6A1EEF884600679D75 /* Assets.xcassets */ = {isa = PBXFileReference; lastKnownFileType = folder.assetcatalog; path = Assets.xcassets; sourceTree = "<group>"; };
		611C8B6D1EEF884600679D75 /* Base */ = {isa = PBXFileReference; lastKnownFileType = file.storyboard; name = Base; path = Base.lproj/LaunchScreen.storyboard; sourceTree = "<group>"; };
		611C8B6F1EEF884600679D75 /* Info.plist */ = {isa = PBXFileReference; lastKnownFileType = text.plist.xml; path = Info.plist; sourceTree = "<group>"; };
		612999E01EF512720026180D /* WebViewController.swift */ = {isa = PBXFileReference; fileEncoding = 4; lastKnownFileType = sourcecode.swift; path = WebViewController.swift; sourceTree = "<group>"; };
		616376DA1EF043CB00A22670 /* AVFoundation.framework */ = {isa = PBXFileReference; lastKnownFileType = wrapper.framework; name = AVFoundation.framework; path = System/Library/Frameworks/AVFoundation.framework; sourceTree = SDKROOT; };
		616376DC1EF043E800A22670 /* CoreMedia.framework */ = {isa = PBXFileReference; lastKnownFileType = wrapper.framework; name = CoreMedia.framework; path = System/Library/Frameworks/CoreMedia.framework; sourceTree = SDKROOT; };
		616376DE1EF043FA00A22670 /* CoreTelephony.framework */ = {isa = PBXFileReference; lastKnownFileType = wrapper.framework; name = CoreTelephony.framework; path = System/Library/Frameworks/CoreTelephony.framework; sourceTree = SDKROOT; };
		616376E01EF0440A00A22670 /* MobileCoreServices.framework */ = {isa = PBXFileReference; lastKnownFileType = wrapper.framework; name = MobileCoreServices.framework; path = System/Library/Frameworks/MobileCoreServices.framework; sourceTree = SDKROOT; };
		616376E21EF0441B00A22670 /* Security.framework */ = {isa = PBXFileReference; lastKnownFileType = wrapper.framework; name = Security.framework; path = System/Library/Frameworks/Security.framework; sourceTree = SDKROOT; };
		616376E41EF0442C00A22670 /* SystemConfiguration.framework */ = {isa = PBXFileReference; lastKnownFileType = wrapper.framework; name = SystemConfiguration.framework; path = System/Library/Frameworks/SystemConfiguration.framework; sourceTree = SDKROOT; };
		616376ED1EF0C74A00A22670 /* Repro.framework */ = {isa = PBXFileReference; lastKnownFileType = wrapper.framework; path = Repro.framework; sourceTree = "<group>"; };
		616376EF1EF0C74A00A22670 /* ReproSDKResources.bundle */ = {isa = PBXFileReference; lastKnownFileType = "wrapper.plug-in"; path = ReproSDKResources.bundle; sourceTree = "<group>"; };
/* End PBXFileReference section */

/* Begin PBXFrameworksBuildPhase section */
		611C8B5D1EEF884600679D75 /* Frameworks */ = {
			isa = PBXFrameworksBuildPhase;
			buildActionMask = 2147483647;
			files = (
				616376E51EF0442C00A22670 /* SystemConfiguration.framework in Frameworks */,
				616376E31EF0441B00A22670 /* Security.framework in Frameworks */,
				616376F01EF0C74A00A22670 /* Repro.framework in Frameworks */,
				616376E11EF0440A00A22670 /* MobileCoreServices.framework in Frameworks */,
				616376DF1EF043FA00A22670 /* CoreTelephony.framework in Frameworks */,
				616376DD1EF043E800A22670 /* CoreMedia.framework in Frameworks */,
				616376DB1EF043CB00A22670 /* AVFoundation.framework in Frameworks */,
			);
			runOnlyForDeploymentPostprocessing = 0;
		};
/* End PBXFrameworksBuildPhase section */

/* Begin PBXGroup section */
		611C8B571EEF884600679D75 = {
			isa = PBXGroup;
			children = (
				616376EC1EF0C74A00A22670 /* Repro.embeddedframework */,
				611C8B621EEF884600679D75 /* Mytraial */,
				611C8B611EEF884600679D75 /* Products */,
				616376D91EF043CA00A22670 /* Frameworks */,
			);
			sourceTree = "<group>";
		};
		611C8B611EEF884600679D75 /* Products */ = {
			isa = PBXGroup;
			children = (
				611C8B601EEF884600679D75 /* Mytraial.app */,
			);
			name = Products;
			sourceTree = "<group>";
		};
		611C8B621EEF884600679D75 /* Mytraial */ = {
			isa = PBXGroup;
			children = (
				611C8B631EEF884600679D75 /* AppDelegate.swift */,
				611C8B651EEF884600679D75 /* ViewController.swift */,
				612999E01EF512720026180D /* WebViewController.swift */,
				611C8B671EEF884600679D75 /* Main.storyboard */,
				611C8B6A1EEF884600679D75 /* Assets.xcassets */,
				611C8B6C1EEF884600679D75 /* LaunchScreen.storyboard */,
				611C8B6F1EEF884600679D75 /* Info.plist */,
			);
			path = Mytraial;
			sourceTree = "<group>";
		};
		616376D91EF043CA00A22670 /* Frameworks */ = {
			isa = PBXGroup;
			children = (
				616376E41EF0442C00A22670 /* SystemConfiguration.framework */,
				616376E21EF0441B00A22670 /* Security.framework */,
				616376E01EF0440A00A22670 /* MobileCoreServices.framework */,
				616376DE1EF043FA00A22670 /* CoreTelephony.framework */,
				616376DC1EF043E800A22670 /* CoreMedia.framework */,
				616376DA1EF043CB00A22670 /* AVFoundation.framework */,
			);
			name = Frameworks;
			sourceTree = "<group>";
		};
		616376EC1EF0C74A00A22670 /* Repro.embeddedframework */ = {
			isa = PBXGroup;
			children = (
				616376ED1EF0C74A00A22670 /* Repro.framework */,
				616376EE1EF0C74A00A22670 /* Resources */,
			);
			path = Repro.embeddedframework;
			sourceTree = "<group>";
		};
		616376EE1EF0C74A00A22670 /* Resources */ = {
			isa = PBXGroup;
			children = (
				616376EF1EF0C74A00A22670 /* ReproSDKResources.bundle */,
			);
			path = Resources;
			sourceTree = "<group>";
		};
/* End PBXGroup section */

/* Begin PBXNativeTarget section */
		611C8B5F1EEF884600679D75 /* Mytraial */ = {
			isa = PBXNativeTarget;
			buildConfigurationList = 611C8B721EEF884600679D75 /* Build configuration list for PBXNativeTarget "Mytraial" */;
			buildPhases = (
				611C8B5C1EEF884600679D75 /* Sources */,
				611C8B5D1EEF884600679D75 /* Frameworks */,
				611C8B5E1EEF884600679D75 /* Resources */,
			);
			buildRules = (
			);
			dependencies = (
			);
			name = Mytraial;
			productName = Mytraial;
			productReference = 611C8B601EEF884600679D75 /* Mytraial.app */;
			productType = "com.apple.product-type.application";
		};
/* End PBXNativeTarget section */

/* Begin PBXProject section */
		611C8B581EEF884600679D75 /* Project object */ = {
			isa = PBXProject;
			attributes = {
				LastSwiftUpdateCheck = 0830;
				LastUpgradeCheck = 0830;
				ORGANIZATIONNAME = "Yuichi Orimo";
				TargetAttributes = {
					611C8B5F1EEF884600679D75 = {
						CreatedOnToolsVersion = 8.3.3;
						ProvisioningStyle = Automatic;
					};
				};
			};
			buildConfigurationList = 611C8B5B1EEF884600679D75 /* Build configuration list for PBXProject "kaimono1kai" */;
			compatibilityVersion = "Xcode 3.2";
			developmentRegion = English;
			hasScannedForEncodings = 0;
			knownRegions = (
				en,
				Base,
			);
			mainGroup = 611C8B571EEF884600679D75;
			productRefGroup = 611C8B611EEF884600679D75 /* Products */;
			projectDirPath = "";
			projectRoot = "";
			targets = (
				611C8B5F1EEF884600679D75 /* Mytraial */,
			);
		};
/* End PBXProject section */

/* Begin PBXResourcesBuildPhase section */
		611C8B5E1EEF884600679D75 /* Resources */ = {
			isa = PBXResourcesBuildPhase;
			buildActionMask = 2147483647;
			files = (
				611C8B6E1EEF884600679D75 /* LaunchScreen.storyboard in Resources */,
				616376F11EF0C74A00A22670 /* ReproSDKResources.bundle in Resources */,
				611C8B6B1EEF884600679D75 /* Assets.xcassets in Resources */,
				611C8B691EEF884600679D75 /* Main.storyboard in Resources */,
			);
			runOnlyForDeploymentPostprocessing = 0;
		};
/* End PBXResourcesBuildPhase section */

/* Begin PBXSourcesBuildPhase section */
		611C8B5C1EEF884600679D75 /* Sources */ = {
			isa = PBXSourcesBuildPhase;
			buildActionMask = 2147483647;
			files = (
				612999E11EF512720026180D /* WebViewController.swift in Sources */,
				611C8B661EEF884600679D75 /* ViewController.swift in Sources */,
				611C8B641EEF884600679D75 /* AppDelegate.swift in Sources */,
			);
			runOnlyForDeploymentPostprocessing = 0;
		};
/* End PBXSourcesBuildPhase section */

/* Begin PBXVariantGroup section */
		611C8B671EEF884600679D75 /* Main.storyboard */ = {
			isa = PBXVariantGroup;
			children = (
				611C8B681EEF884600679D75 /* Base */,
			);
			name = Main.storyboard;
			sourceTree = "<group>";
		};
		611C8B6C1EEF884600679D75 /* LaunchScreen.storyboard */ = {
			isa = PBXVariantGroup;
			children = (
				611C8B6D1EEF884600679D75 /* Base */,
			);
			name = LaunchScreen.storyboard;
			sourceTree = "<group>";
		};
/* End PBXVariantGroup section */

/* Begin XCBuildConfiguration section */
		611C8B701EEF884600679D75 /* Debug */ = {
			isa = XCBuildConfiguration;
			buildSettings = {
				ALWAYS_SEARCH_USER_PATHS = NO;
				CLANG_ANALYZER_NONNULL = YES;
				CLANG_ANALYZER_NUMBER_OBJECT_CONVERSION = YES_AGGRESSIVE;
				CLANG_CXX_LANGUAGE_STANDARD = "gnu++0x";
				CLANG_CXX_LIBRARY = "libc++";
				CLANG_ENABLE_MODULES = YES;
				CLANG_ENABLE_OBJC_ARC = YES;
				CLANG_WARN_BOOL_CONVERSION = YES;
				CLANG_WARN_CONSTANT_CONVERSION = YES;
				CLANG_WARN_DIRECT_OBJC_ISA_USAGE = YES_ERROR;
				CLANG_WARN_DOCUMENTATION_COMMENTS = YES;
				CLANG_WARN_EMPTY_BODY = YES;
				CLANG_WARN_ENUM_CONVERSION = YES;
				CLANG_WARN_INFINITE_RECURSION = YES;
				CLANG_WARN_INT_CONVERSION = YES;
				CLANG_WARN_OBJC_ROOT_CLASS = YES_ERROR;
				CLANG_WARN_SUSPICIOUS_MOVE = YES;
				CLANG_WARN_UNREACHABLE_CODE = YES;
				CLANG_WARN__DUPLICATE_METHOD_MATCH = YES;
				"CODE_SIGN_IDENTITY[sdk=iphoneos*]" = "iPhone Developer";
				COPY_PHASE_STRIP = NO;
				DEBUG_INFORMATION_FORMAT = dwarf;
				ENABLE_STRICT_OBJC_MSGSEND = YES;
				ENABLE_TESTABILITY = YES;
				GCC_C_LANGUAGE_STANDARD = gnu99;
				GCC_DYNAMIC_NO_PIC = NO;
				GCC_NO_COMMON_BLOCKS = YES;
				GCC_OPTIMIZATION_LEVEL = 0;
				GCC_PREPROCESSOR_DEFINITIONS = (
					"DEBUG=1",
					"$(inherited)",
				);
				GCC_WARN_64_TO_32_BIT_CONVERSION = YES;
				GCC_WARN_ABOUT_RETURN_TYPE = YES_ERROR;
				GCC_WARN_UNDECLARED_SELECTOR = YES;
				GCC_WARN_UNINITIALIZED_AUTOS = YES_AGGRESSIVE;
				GCC_WARN_UNUSED_FUNCTION = YES;
				GCC_WARN_UNUSED_VARIABLE = YES;
				IPHONEOS_DEPLOYMENT_TARGET = 10.3;
				MTL_ENABLE_DEBUG_INFO = YES;
				ONLY_ACTIVE_ARCH = YES;
				SDKROOT = iphoneos;
				SWIFT_ACTIVE_COMPILATION_CONDITIONS = DEBUG;
				SWIFT_OPTIMIZATION_LEVEL = "-Onone";
			};
			name = Debug;
		};
		611C8B711EEF884600679D75 /* Release */ = {
			isa = XCBuildConfiguration;
			buildSettings = {
				ALWAYS_SEARCH_USER_PATHS = NO;
				CLANG_ANALYZER_NONNULL = YES;
				CLANG_ANALYZER_NUMBER_OBJECT_CONVERSION = YES_AGGRESSIVE;
				CLANG_CXX_LANGUAGE_STANDARD = "gnu++0x";
				CLANG_CXX_LIBRARY = "libc++";
				CLANG_ENABLE_MODULES = YES;
				CLANG_ENABLE_OBJC_ARC = YES;
				CLANG_WARN_BOOL_CONVERSION = YES;
				CLANG_WARN_CONSTANT_CONVERSION = YES;
				CLANG_WARN_DIRECT_OBJC_ISA_USAGE = YES_ERROR;
				CLANG_WARN_DOCUMENTATION_COMMENTS = YES;
				CLANG_WARN_EMPTY_BODY = YES;
				CLANG_WARN_ENUM_CONVERSION = YES;
				CLANG_WARN_INFINITE_RECURSION = YES;
				CLANG_WARN_INT_CONVERSION = YES;
				CLANG_WARN_OBJC_ROOT_CLASS = YES_ERROR;
				CLANG_WARN_SUSPICIOUS_MOVE = YES;
				CLANG_WARN_UNREACHABLE_CODE = YES;
				CLANG_WARN__DUPLICATE_METHOD_MATCH = YES;
				"CODE_SIGN_IDENTITY[sdk=iphoneos*]" = "iPhone Developer";
				COPY_PHASE_STRIP = NO;
				DEBUG_INFORMATION_FORMAT = "dwarf-with-dsym";
				ENABLE_NS_ASSERTIONS = NO;
				ENABLE_STRICT_OBJC_MSGSEND = YES;
				GCC_C_LANGUAGE_STANDARD = gnu99;
				GCC_NO_COMMON_BLOCKS = YES;
				GCC_WARN_64_TO_32_BIT_CONVERSION = YES;
				GCC_WARN_ABOUT_RETURN_TYPE = YES_ERROR;
				GCC_WARN_UNDECLARED_SELECTOR = YES;
				GCC_WARN_UNINITIALIZED_AUTOS = YES_AGGRESSIVE;
				GCC_WARN_UNUSED_FUNCTION = YES;
				GCC_WARN_UNUSED_VARIABLE = YES;
				IPHONEOS_DEPLOYMENT_TARGET = 10.3;
				MTL_ENABLE_DEBUG_INFO = NO;
				SDKROOT = iphoneos;
				SWIFT_OPTIMIZATION_LEVEL = "-Owholemodule";
				VALIDATE_PRODUCT = YES;
			};
			name = Release;
		};
		611C8B731EEF884600679D75 /* Debug */ = {
			isa = XCBuildConfiguration;
			buildSettings = {
				ASSETCATALOG_COMPILER_APPICON_NAME = AppIcon;
				DEVELOPMENT_TEAM = "";
				FRAMEWORK_SEARCH_PATHS = (
					"$(inherited)",
					"$(PROJECT_DIR)/Repro.embeddedframework",
				);
				INFOPLIST_FILE = Mytraial/Info.plist;
				LD_RUNPATH_SEARCH_PATHS = "$(inherited) @executable_path/Frameworks";
				PRODUCT_BUNDLE_IDENTIFIER = com.kaimono1kai;
				PRODUCT_NAME = "$(TARGET_NAME)";
				SWIFT_VERSION = 3.0;
			};
			name = Debug;
		};
		611C8B741EEF884600679D75 /* Release */ = {
			isa = XCBuildConfiguration;
			buildSettings = {
				ASSETCATALOG_COMPILER_APPICON_NAME = AppIcon;
				DEVELOPMENT_TEAM = "";
				FRAMEWORK_SEARCH_PATHS = (
					"$(inherited)",
					"$(PROJECT_DIR)/Repro.embeddedframework",
				);
				INFOPLIST_FILE = Mytraial/Info.plist;
				LD_RUNPATH_SEARCH_PATHS = "$(inherited) @executable_path/Frameworks";
				PRODUCT_BUNDLE_IDENTIFIER = com.kaimono1kai;
				PRODUCT_NAME = "$(TARGET_NAME)";
				SWIFT_VERSION = 3.0;
			};
			name = Release;
		};
/* End XCBuildConfiguration section */

/* Begin XCConfigurationList section */
		611C8B5B1EEF884600679D75 /* Build configuration list for PBXProject "kaimono1kai" */ = {
			isa = XCConfigurationList;
			buildConfigurations = (
				611C8B701EEF884600679D75 /* Debug */,
				611C8B711EEF884600679D75 /* Release */,
			);
			defaultConfigurationIsVisible = 0;
			defaultConfigurationName = Release;
		};
		611C8B721EEF884600679D75 /* Build configuration list for PBXNativeTarget "Mytraial" */ = {
			isa = XCConfigurationList;
			buildConfigurations = (
				611C8B731EEF884600679D75 /* Debug */,
				611C8B741EEF884600679D75 /* Release */,
			);
			defaultConfigurationIsVisible = 0;
			defaultConfigurationName = Release;
		};
/* End XCConfigurationList section */
	};
	rootObject = 611C8B581EEF884600679D75 /* Project object */;
}
